
Microsoft Visual Studio Solution File, Format Version 12.00
# Visual Studio Version 16
VisualStudioVersion = 16.0.30523.141
MinimumVisualStudioVersion = 10.0.40219.1
Project("{FAE04EC0-301F-11D3-BF4B-00C04F79EFBC}") = "TvShowProject", "TvShowProject\TvShowProject.csproj", "{CCB0CAA4-8DDB-478E-A8DA-D776DDB9C1FF}"
EndProject
Global
	GlobalSection(SolutionConfigurationPlatforms) = preSolution
		Debug|Any CPU = Debug|Any CPU
		Release|Any CPU = Release|Any CPU
	EndGlobalSection
	GlobalSection(ProjectConfigurationPlatforms) = postSolution
		{CCB0CAA4-8DDB-478E-A8DA-D776DDB9C1FF}.Debug|Any CPU.ActiveCfg = Debug|Any CPU
		{CCB0CAA4-8DDB-478E-A8DA-D776DDB9C1FF}.Debug|Any CPU.Build.0 = Debug|Any CPU
		{CCB0CAA4-8DDB-478E-A8DA-D776DDB9C1FF}.Release|Any CPU.ActiveCfg = Release|Any CPU
		{CCB0CAA4-8DDB-478E-A8DA-D776DDB9C1FF}.Release|Any CPU.Build.0 = Release|Any CPU
	EndGlobalSection
	GlobalSection(SolutionProperties) = preSolution
		HideSolutionNode = FALSE
	EndGlobalSection
	GlobalSection(ExtensibilityGlobals) = postSolution
		SolutionGuid = {2BAF02C3-20EE-4E54-995D-DE65393B3E86}
	EndGlobalSection
EndGlobal
